
Microsoft Visual Studio Solution File, Format Version 12.00
# Visual Studio Version 17
VisualStudioVersion = 17.12.35707.178 d17.12
MinimumVisualStudioVersion = 10.0.40219.1
Project("{FAE04EC0-301F-11D3-BF4B-00C04F79EFBC}") = "LinqExample", "LinqExample.csproj", "{6200D875-9D1D-4A6A-984B-9971CED9443A}"
EndProject
Project("{FAE04EC0-301F-11D3-BF4B-00C04F79EFBC}") = "LINQLib", "..\LINQLib\LINQLib.csproj", "{BA7D4397-E885-4A1F-8F40-8A710D57FAD5}"
EndProject
Global
	GlobalSection(SolutionConfigurationPlatforms) = preSolution
		Debug|Any CPU = Debug|Any CPU
		Release|Any CPU = Release|Any CPU
	EndGlobalSection
	GlobalSection(ProjectConfigurationPlatforms) = postSolution
		{6200D875-9D1D-4A6A-984B-9971CED9443A}.Debug|Any CPU.ActiveCfg = Debug|Any CPU
		{6200D875-9D1D-4A6A-984B-9971CED9443A}.Debug|Any CPU.Build.0 = Debug|Any CPU
		{6200D875-9D1D-4A6A-984B-9971CED9443A}.Release|Any CPU.ActiveCfg = Release|Any CPU
		{6200D875-9D1D-4A6A-984B-9971CED9443A}.Release|Any CPU.Build.0 = Release|Any CPU
		{BA7D4397-E885-4A1F-8F40-8A710D57FAD5}.Debug|Any CPU.ActiveCfg = Debug|Any CPU
		{BA7D4397-E885-4A1F-8F40-8A710D57FAD5}.Debug|Any CPU.Build.0 = Debug|Any CPU
		{BA7D4397-E885-4A1F-8F40-8A710D57FAD5}.Release|Any CPU.ActiveCfg = Release|Any CPU
		{BA7D4397-E885-4A1F-8F40-8A710D57FAD5}.Release|Any CPU.Build.0 = Release|Any CPU
	EndGlobalSection
	GlobalSection(SolutionProperties) = preSolution
		HideSolutionNode = FALSE
	EndGlobalSection
EndGlobal
