
Microsoft Visual Studio Solution File, Format Version 12.00
# Visual Studio Version 17
VisualStudioVersion = 17.13.35919.96 d17.13
MinimumVisualStudioVersion = 10.0.40219.1
Project("{FAE04EC0-301F-11D3-BF4B-00C04F79EFBC}") = "TaskRunConcurrentExecution", "TaskRunConcurrentExecution.csproj", "{1013AD40-7615-4D94-BAAF-69776C3B156B}"
EndProject
Global
	GlobalSection(SolutionConfigurationPlatforms) = preSolution
		Debug|Any CPU = Debug|Any CPU
		Release|Any CPU = Release|Any CPU
	EndGlobalSection
	GlobalSection(ProjectConfigurationPlatforms) = postSolution
		{1013AD40-7615-4D94-BAAF-69776C3B156B}.Debug|Any CPU.ActiveCfg = Debug|Any CPU
		{1013AD40-7615-4D94-BAAF-69776C3B156B}.Debug|Any CPU.Build.0 = Debug|Any CPU
		{1013AD40-7615-4D94-BAAF-69776C3B156B}.Release|Any CPU.ActiveCfg = Release|Any CPU
		{1013AD40-7615-4D94-BAAF-69776C3B156B}.Release|Any CPU.Build.0 = Release|Any CPU
	EndGlobalSection
	GlobalSection(SolutionProperties) = preSolution
		HideSolutionNode = FALSE
	EndGlobalSection
	GlobalSection(ExtensibilityGlobals) = postSolution
		SolutionGuid = {CB77CEAB-0DC3-4E29-9D49-5B619F2C730D}
	EndGlobalSection
EndGlobal
