
Microsoft Visual Studio Solution File, Format Version 12.00
# Visual Studio Version 17
VisualStudioVersion = 17.12.35527.113 d17.12
MinimumVisualStudioVersion = 10.0.40219.1
Project("{FAE04EC0-301F-11D3-BF4B-00C04F79EFBC}") = "PatternMatching", "PatternMatching.csproj", "{8FC760C2-CE7B-431F-BFA7-3A2782B038C8}"
EndProject
Project("{FAE04EC0-301F-11D3-BF4B-00C04F79EFBC}") = "ClassLibrary3", "..\ClassLibrary3\ClassLibrary3.csproj", "{03EA543D-8FA5-451B-B47F-94CC9B15FBA8}"
EndProject
Global
	GlobalSection(SolutionConfigurationPlatforms) = preSolution
		Debug|Any CPU = Debug|Any CPU
		Release|Any CPU = Release|Any CPU
	EndGlobalSection
	GlobalSection(ProjectConfigurationPlatforms) = postSolution
		{8FC760C2-CE7B-431F-BFA7-3A2782B038C8}.Debug|Any CPU.ActiveCfg = Debug|Any CPU
		{8FC760C2-CE7B-431F-BFA7-3A2782B038C8}.Debug|Any CPU.Build.0 = Debug|Any CPU
		{8FC760C2-CE7B-431F-BFA7-3A2782B038C8}.Release|Any CPU.ActiveCfg = Release|Any CPU
		{8FC760C2-CE7B-431F-BFA7-3A2782B038C8}.Release|Any CPU.Build.0 = Release|Any CPU
		{03EA543D-8FA5-451B-B47F-94CC9B15FBA8}.Debug|Any CPU.ActiveCfg = Debug|Any CPU
		{03EA543D-8FA5-451B-B47F-94CC9B15FBA8}.Debug|Any CPU.Build.0 = Debug|Any CPU
		{03EA543D-8FA5-451B-B47F-94CC9B15FBA8}.Release|Any CPU.ActiveCfg = Release|Any CPU
		{03EA543D-8FA5-451B-B47F-94CC9B15FBA8}.Release|Any CPU.Build.0 = Release|Any CPU
	EndGlobalSection
	GlobalSection(SolutionProperties) = preSolution
		HideSolutionNode = FALSE
	EndGlobalSection
EndGlobal
