
Microsoft Visual Studio Solution File, Format Version 12.00
# Visual Studio Version 17
VisualStudioVersion = 17.12.35707.178 d17.12
MinimumVisualStudioVersion = 10.0.40219.1
Project("{FAE04EC0-301F-11D3-BF4B-00C04F79EFBC}") = "ArrayOfObjects", "ArrayOfObjects.csproj", "{09E9E07B-AE16-4432-B97D-C550EBAF92BD}"
EndProject
Project("{FAE04EC0-301F-11D3-BF4B-00C04F79EFBC}") = "ClassLibrary", "..\ClassLibrary\ClassLibrary.csproj", "{D18FA3CB-55D7-47A0-ACB2-F493A5CA4F1B}"
EndProject
Global
	GlobalSection(SolutionConfigurationPlatforms) = preSolution
		Debug|Any CPU = Debug|Any CPU
		Release|Any CPU = Release|Any CPU
	EndGlobalSection
	GlobalSection(ProjectConfigurationPlatforms) = postSolution
		{09E9E07B-AE16-4432-B97D-C550EBAF92BD}.Debug|Any CPU.ActiveCfg = Debug|Any CPU
		{09E9E07B-AE16-4432-B97D-C550EBAF92BD}.Debug|Any CPU.Build.0 = Debug|Any CPU
		{09E9E07B-AE16-4432-B97D-C550EBAF92BD}.Release|Any CPU.ActiveCfg = Release|Any CPU
		{09E9E07B-AE16-4432-B97D-C550EBAF92BD}.Release|Any CPU.Build.0 = Release|Any CPU
		{D18FA3CB-55D7-47A0-ACB2-F493A5CA4F1B}.Debug|Any CPU.ActiveCfg = Debug|Any CPU
		{D18FA3CB-55D7-47A0-ACB2-F493A5CA4F1B}.Debug|Any CPU.Build.0 = Debug|Any CPU
		{D18FA3CB-55D7-47A0-ACB2-F493A5CA4F1B}.Release|Any CPU.ActiveCfg = Release|Any CPU
		{D18FA3CB-55D7-47A0-ACB2-F493A5CA4F1B}.Release|Any CPU.Build.0 = Release|Any CPU
	EndGlobalSection
	GlobalSection(SolutionProperties) = preSolution
		HideSolutionNode = FALSE
	EndGlobalSection
EndGlobal
