
Microsoft Visual Studio Solution File, Format Version 12.00
# Visual Studio Version 17
VisualStudioVersion = 17.12.35707.178 d17.12
MinimumVisualStudioVersion = 10.0.40219.1
Project("{FAE04EC0-301F-11D3-BF4B-00C04F79EFBC}") = "EventHandler", "EventHandler.csproj", "{D16B7737-40CA-4D41-B40C-6BCB0BCE1BAD}"
EndProject
Project("{FAE04EC0-301F-11D3-BF4B-00C04F79EFBC}") = "EventHandlerLib", "..\EventHandlerLib\EventHandlerLib.csproj", "{C18647C8-8ACF-4C27-8E52-271CF669A768}"
EndProject
Global
	GlobalSection(SolutionConfigurationPlatforms) = preSolution
		Debug|Any CPU = Debug|Any CPU
		Release|Any CPU = Release|Any CPU
	EndGlobalSection
	GlobalSection(ProjectConfigurationPlatforms) = postSolution
		{D16B7737-40CA-4D41-B40C-6BCB0BCE1BAD}.Debug|Any CPU.ActiveCfg = Debug|Any CPU
		{D16B7737-40CA-4D41-B40C-6BCB0BCE1BAD}.Debug|Any CPU.Build.0 = Debug|Any CPU
		{D16B7737-40CA-4D41-B40C-6BCB0BCE1BAD}.Release|Any CPU.ActiveCfg = Release|Any CPU
		{D16B7737-40CA-4D41-B40C-6BCB0BCE1BAD}.Release|Any CPU.Build.0 = Release|Any CPU
		{C18647C8-8ACF-4C27-8E52-271CF669A768}.Debug|Any CPU.ActiveCfg = Debug|Any CPU
		{C18647C8-8ACF-4C27-8E52-271CF669A768}.Debug|Any CPU.Build.0 = Debug|Any CPU
		{C18647C8-8ACF-4C27-8E52-271CF669A768}.Release|Any CPU.ActiveCfg = Release|Any CPU
		{C18647C8-8ACF-4C27-8E52-271CF669A768}.Release|Any CPU.Build.0 = Release|Any CPU
	EndGlobalSection
	GlobalSection(SolutionProperties) = preSolution
		HideSolutionNode = FALSE
	EndGlobalSection
EndGlobal
