
Microsoft Visual Studio Solution File, Format Version 12.00
# Visual Studio Version 17
VisualStudioVersion = 17.12.35707.178 d17.12
MinimumVisualStudioVersion = 10.0.40219.1
Project("{FAE04EC0-301F-11D3-BF4B-00C04F79EFBC}") = "ConsoleApp1", "ConsoleApp1.csproj", "{1744C315-B17B-4805-A879-8B1AAAA9668C}"
EndProject
Project("{FAE04EC0-301F-11D3-BF4B-00C04F79EFBC}") = "FuncLib", "..\FuncLib\FuncLib.csproj", "{C35E9BC7-8D85-4032-A0FF-E665F0E937A2}"
EndProject
Global
	GlobalSection(SolutionConfigurationPlatforms) = preSolution
		Debug|Any CPU = Debug|Any CPU
		Release|Any CPU = Release|Any CPU
	EndGlobalSection
	GlobalSection(ProjectConfigurationPlatforms) = postSolution
		{1744C315-B17B-4805-A879-8B1AAAA9668C}.Debug|Any CPU.ActiveCfg = Debug|Any CPU
		{1744C315-B17B-4805-A879-8B1AAAA9668C}.Debug|Any CPU.Build.0 = Debug|Any CPU
		{1744C315-B17B-4805-A879-8B1AAAA9668C}.Release|Any CPU.ActiveCfg = Release|Any CPU
		{1744C315-B17B-4805-A879-8B1AAAA9668C}.Release|Any CPU.Build.0 = Release|Any CPU
		{C35E9BC7-8D85-4032-A0FF-E665F0E937A2}.Debug|Any CPU.ActiveCfg = Debug|Any CPU
		{C35E9BC7-8D85-4032-A0FF-E665F0E937A2}.Debug|Any CPU.Build.0 = Debug|Any CPU
		{C35E9BC7-8D85-4032-A0FF-E665F0E937A2}.Release|Any CPU.ActiveCfg = Release|Any CPU
		{C35E9BC7-8D85-4032-A0FF-E665F0E937A2}.Release|Any CPU.Build.0 = Release|Any CPU
	EndGlobalSection
	GlobalSection(SolutionProperties) = preSolution
		HideSolutionNode = FALSE
	EndGlobalSection
EndGlobal
