
Microsoft Visual Studio Solution File, Format Version 12.00
# Visual Studio Version 17
VisualStudioVersion = 17.12.35707.178 d17.12
MinimumVisualStudioVersion = 10.0.40219.1
Project("{FAE04EC0-301F-11D3-BF4B-00C04F79EFBC}") = "CustomCollections", "CustomCollections.csproj", "{9272CB4A-8EF2-4091-B8CA-ED39882EBC53}"
EndProject
Project("{FAE04EC0-301F-11D3-BF4B-00C04F79EFBC}") = "CustomCollectionsClassLib", "..\CustomCollectionsClassLib\CustomCollectionsClassLib.csproj", "{A8B7F28F-6137-4055-BC9D-AB7C55778A57}"
EndProject
Global
	GlobalSection(SolutionConfigurationPlatforms) = preSolution
		Debug|Any CPU = Debug|Any CPU
		Release|Any CPU = Release|Any CPU
	EndGlobalSection
	GlobalSection(ProjectConfigurationPlatforms) = postSolution
		{9272CB4A-8EF2-4091-B8CA-ED39882EBC53}.Debug|Any CPU.ActiveCfg = Debug|Any CPU
		{9272CB4A-8EF2-4091-B8CA-ED39882EBC53}.Debug|Any CPU.Build.0 = Debug|Any CPU
		{9272CB4A-8EF2-4091-B8CA-ED39882EBC53}.Release|Any CPU.ActiveCfg = Release|Any CPU
		{9272CB4A-8EF2-4091-B8CA-ED39882EBC53}.Release|Any CPU.Build.0 = Release|Any CPU
		{A8B7F28F-6137-4055-BC9D-AB7C55778A57}.Debug|Any CPU.ActiveCfg = Debug|Any CPU
		{A8B7F28F-6137-4055-BC9D-AB7C55778A57}.Debug|Any CPU.Build.0 = Debug|Any CPU
		{A8B7F28F-6137-4055-BC9D-AB7C55778A57}.Release|Any CPU.ActiveCfg = Release|Any CPU
		{A8B7F28F-6137-4055-BC9D-AB7C55778A57}.Release|Any CPU.Build.0 = Release|Any CPU
	EndGlobalSection
	GlobalSection(SolutionProperties) = preSolution
		HideSolutionNode = FALSE
	EndGlobalSection
EndGlobal
