
Microsoft Visual Studio Solution File, Format Version 12.00
# Visual Studio Version 17
VisualStudioVersion = 17.13.35919.96 d17.13
MinimumVisualStudioVersion = 10.0.40219.1
Project("{FAE04EC0-301F-11D3-BF4B-00C04F79EFBC}") = "UseStopWatchClassToComparePerformance", "UseStopWatchClassToComparePerformance.csproj", "{7A74676A-7F9C-479D-8EE1-36BD45E795BD}"
EndProject
Global
	GlobalSection(SolutionConfigurationPlatforms) = preSolution
		Debug|Any CPU = Debug|Any CPU
		Release|Any CPU = Release|Any CPU
	EndGlobalSection
	GlobalSection(ProjectConfigurationPlatforms) = postSolution
		{7A74676A-7F9C-479D-8EE1-36BD45E795BD}.Debug|Any CPU.ActiveCfg = Debug|Any CPU
		{7A74676A-7F9C-479D-8EE1-36BD45E795BD}.Debug|Any CPU.Build.0 = Debug|Any CPU
		{7A74676A-7F9C-479D-8EE1-36BD45E795BD}.Release|Any CPU.ActiveCfg = Release|Any CPU
		{7A74676A-7F9C-479D-8EE1-36BD45E795BD}.Release|Any CPU.Build.0 = Release|Any CPU
	EndGlobalSection
	GlobalSection(SolutionProperties) = preSolution
		HideSolutionNode = FALSE
	EndGlobalSection
	GlobalSection(ExtensibilityGlobals) = postSolution
		SolutionGuid = {FDFA7B93-F9C1-455C-B06C-6AF567AE941E}
	EndGlobalSection
EndGlobal
