
Microsoft Visual Studio Solution File, Format Version 12.00
# Visual Studio Version 17
VisualStudioVersion = 17.12.35707.178 d17.12
MinimumVisualStudioVersion = 10.0.40219.1
Project("{FAE04EC0-301F-11D3-BF4B-00C04F79EFBC}") = "MultiCastObjects", "MultiCastObjects.csproj", "{6A5D47DC-D50A-4419-BA06-E80ABBAAF0EE}"
EndProject
Project("{FAE04EC0-301F-11D3-BF4B-00C04F79EFBC}") = "MultiCast", "..\MultiCast\MultiCast.csproj", "{30541935-E234-420E-868D-784979E891A2}"
EndProject
Global
	GlobalSection(SolutionConfigurationPlatforms) = preSolution
		Debug|Any CPU = Debug|Any CPU
		Release|Any CPU = Release|Any CPU
	EndGlobalSection
	GlobalSection(ProjectConfigurationPlatforms) = postSolution
		{6A5D47DC-D50A-4419-BA06-E80ABBAAF0EE}.Debug|Any CPU.ActiveCfg = Debug|Any CPU
		{6A5D47DC-D50A-4419-BA06-E80ABBAAF0EE}.Debug|Any CPU.Build.0 = Debug|Any CPU
		{6A5D47DC-D50A-4419-BA06-E80ABBAAF0EE}.Release|Any CPU.ActiveCfg = Release|Any CPU
		{6A5D47DC-D50A-4419-BA06-E80ABBAAF0EE}.Release|Any CPU.Build.0 = Release|Any CPU
		{30541935-E234-420E-868D-784979E891A2}.Debug|Any CPU.ActiveCfg = Debug|Any CPU
		{30541935-E234-420E-868D-784979E891A2}.Debug|Any CPU.Build.0 = Debug|Any CPU
		{30541935-E234-420E-868D-784979E891A2}.Release|Any CPU.ActiveCfg = Release|Any CPU
		{30541935-E234-420E-868D-784979E891A2}.Release|Any CPU.Build.0 = Release|Any CPU
	EndGlobalSection
	GlobalSection(SolutionProperties) = preSolution
		HideSolutionNode = FALSE
	EndGlobalSection
EndGlobal
