
Microsoft Visual Studio Solution File, Format Version 12.00
# Visual Studio Version 17
VisualStudioVersion = 17.12.35527.113 d17.12
MinimumVisualStudioVersion = 10.0.40219.1
Project("{FAE04EC0-301F-11D3-BF4B-00C04F79EFBC}") = "ExtensionMethods", "ExtensionMethods.csproj", "{77AAE06A-4D8B-430B-A039-CCE6B038F426}"
EndProject
Project("{FAE04EC0-301F-11D3-BF4B-00C04F79EFBC}") = "ClassLibrary2", "..\ClassLibrary2\ClassLibrary2.csproj", "{0DF3EBB2-6BD2-47B5-943C-131D642AD186}"
EndProject
Global
	GlobalSection(SolutionConfigurationPlatforms) = preSolution
		Debug|Any CPU = Debug|Any CPU
		Release|Any CPU = Release|Any CPU
	EndGlobalSection
	GlobalSection(ProjectConfigurationPlatforms) = postSolution
		{77AAE06A-4D8B-430B-A039-CCE6B038F426}.Debug|Any CPU.ActiveCfg = Debug|Any CPU
		{77AAE06A-4D8B-430B-A039-CCE6B038F426}.Debug|Any CPU.Build.0 = Debug|Any CPU
		{77AAE06A-4D8B-430B-A039-CCE6B038F426}.Release|Any CPU.ActiveCfg = Release|Any CPU
		{77AAE06A-4D8B-430B-A039-CCE6B038F426}.Release|Any CPU.Build.0 = Release|Any CPU
		{0DF3EBB2-6BD2-47B5-943C-131D642AD186}.Debug|Any CPU.ActiveCfg = Debug|Any CPU
		{0DF3EBB2-6BD2-47B5-943C-131D642AD186}.Debug|Any CPU.Build.0 = Debug|Any CPU
		{0DF3EBB2-6BD2-47B5-943C-131D642AD186}.Release|Any CPU.ActiveCfg = Release|Any CPU
		{0DF3EBB2-6BD2-47B5-943C-131D642AD186}.Release|Any CPU.Build.0 = Release|Any CPU
	EndGlobalSection
	GlobalSection(SolutionProperties) = preSolution
		HideSolutionNode = FALSE
	EndGlobalSection
EndGlobal
