
Microsoft Visual Studio Solution File, Format Version 12.00
# Visual Studio Version 17
VisualStudioVersion = 17.12.35707.178 d17.12
MinimumVisualStudioVersion = 10.0.40219.1
Project("{FAE04EC0-301F-11D3-BF4B-00C04F79EFBC}") = "IComparable_Example", "IComparable_Example.csproj", "{838F842D-8F85-45E6-BEBC-EDF837E02026}"
EndProject
Project("{FAE04EC0-301F-11D3-BF4B-00C04F79EFBC}") = "IComparableLib", "..\IComparableLib\IComparableLib.csproj", "{11FC9698-DA24-43D5-815C-EB68B9A0456D}"
EndProject
Global
	GlobalSection(SolutionConfigurationPlatforms) = preSolution
		Debug|Any CPU = Debug|Any CPU
		Release|Any CPU = Release|Any CPU
	EndGlobalSection
	GlobalSection(ProjectConfigurationPlatforms) = postSolution
		{838F842D-8F85-45E6-BEBC-EDF837E02026}.Debug|Any CPU.ActiveCfg = Debug|Any CPU
		{838F842D-8F85-45E6-BEBC-EDF837E02026}.Debug|Any CPU.Build.0 = Debug|Any CPU
		{838F842D-8F85-45E6-BEBC-EDF837E02026}.Release|Any CPU.ActiveCfg = Release|Any CPU
		{838F842D-8F85-45E6-BEBC-EDF837E02026}.Release|Any CPU.Build.0 = Release|Any CPU
		{11FC9698-DA24-43D5-815C-EB68B9A0456D}.Debug|Any CPU.ActiveCfg = Debug|Any CPU
		{11FC9698-DA24-43D5-815C-EB68B9A0456D}.Debug|Any CPU.Build.0 = Debug|Any CPU
		{11FC9698-DA24-43D5-815C-EB68B9A0456D}.Release|Any CPU.ActiveCfg = Release|Any CPU
		{11FC9698-DA24-43D5-815C-EB68B9A0456D}.Release|Any CPU.Build.0 = Release|Any CPU
	EndGlobalSection
	GlobalSection(SolutionProperties) = preSolution
		HideSolutionNode = FALSE
	EndGlobalSection
EndGlobal
