
Microsoft Visual Studio Solution File, Format Version 12.00
# Visual Studio Version 17
VisualStudioVersion = 17.12.35707.178 d17.12
MinimumVisualStudioVersion = 10.0.40219.1
Project("{FAE04EC0-301F-11D3-BF4B-00C04F79EFBC}") = "FileStreamClass", "FileStreamClass.csproj", "{9AAD2020-A055-4749-A49A-FB9CE61B24FC}"
EndProject
Global
	GlobalSection(SolutionConfigurationPlatforms) = preSolution
		Debug|Any CPU = Debug|Any CPU
		Release|Any CPU = Release|Any CPU
	EndGlobalSection
	GlobalSection(ProjectConfigurationPlatforms) = postSolution
		{9AAD2020-A055-4749-A49A-FB9CE61B24FC}.Debug|Any CPU.ActiveCfg = Debug|Any CPU
		{9AAD2020-A055-4749-A49A-FB9CE61B24FC}.Debug|Any CPU.Build.0 = Debug|Any CPU
		{9AAD2020-A055-4749-A49A-FB9CE61B24FC}.Release|Any CPU.ActiveCfg = Release|Any CPU
		{9AAD2020-A055-4749-A49A-FB9CE61B24FC}.Release|Any CPU.Build.0 = Release|Any CPU
	EndGlobalSection
	GlobalSection(SolutionProperties) = preSolution
		HideSolutionNode = FALSE
	EndGlobalSection
EndGlobal
