
Microsoft Visual Studio Solution File, Format Version 12.00
# Visual Studio Version 17
VisualStudioVersion = 17.12.35707.178 d17.12
MinimumVisualStudioVersion = 10.0.40219.1
Project("{FAE04EC0-301F-11D3-BF4B-00C04F79EFBC}") = "AnonymousMethods", "AnonymousMethods.csproj", "{9767EB6B-EAC1-4752-B3D5-3AE963396A09}"
EndProject
Project("{FAE04EC0-301F-11D3-BF4B-00C04F79EFBC}") = "Anonymous", "..\Anonymous\Anonymous.csproj", "{997634E9-644A-4CEA-8444-A7F66823BB54}"
EndProject
Global
	GlobalSection(SolutionConfigurationPlatforms) = preSolution
		Debug|Any CPU = Debug|Any CPU
		Release|Any CPU = Release|Any CPU
	EndGlobalSection
	GlobalSection(ProjectConfigurationPlatforms) = postSolution
		{9767EB6B-EAC1-4752-B3D5-3AE963396A09}.Debug|Any CPU.ActiveCfg = Debug|Any CPU
		{9767EB6B-EAC1-4752-B3D5-3AE963396A09}.Debug|Any CPU.Build.0 = Debug|Any CPU
		{9767EB6B-EAC1-4752-B3D5-3AE963396A09}.Release|Any CPU.ActiveCfg = Release|Any CPU
		{9767EB6B-EAC1-4752-B3D5-3AE963396A09}.Release|Any CPU.Build.0 = Release|Any CPU
		{997634E9-644A-4CEA-8444-A7F66823BB54}.Debug|Any CPU.ActiveCfg = Debug|Any CPU
		{997634E9-644A-4CEA-8444-A7F66823BB54}.Debug|Any CPU.Build.0 = Debug|Any CPU
		{997634E9-644A-4CEA-8444-A7F66823BB54}.Release|Any CPU.ActiveCfg = Release|Any CPU
		{997634E9-644A-4CEA-8444-A7F66823BB54}.Release|Any CPU.Build.0 = Release|Any CPU
	EndGlobalSection
	GlobalSection(SolutionProperties) = preSolution
		HideSolutionNode = FALSE
	EndGlobalSection
EndGlobal
