
Microsoft Visual Studio Solution File, Format Version 12.00
# Visual Studio Version 17
VisualStudioVersion = 17.12.35707.178 d17.12
MinimumVisualStudioVersion = 10.0.40219.1
Project("{FAE04EC0-301F-11D3-BF4B-00C04F79EFBC}") = "PredicateDelegate", "PredicateDelegate.csproj", "{55414FA6-78EF-43F4-89C2-5F6631E02829}"
EndProject
Project("{FAE04EC0-301F-11D3-BF4B-00C04F79EFBC}") = "PredicateLib", "..\PredicateLib\PredicateLib.csproj", "{6EE9982D-73B0-4674-80D5-E3709EC08BD9}"
EndProject
Global
	GlobalSection(SolutionConfigurationPlatforms) = preSolution
		Debug|Any CPU = Debug|Any CPU
		Release|Any CPU = Release|Any CPU
	EndGlobalSection
	GlobalSection(ProjectConfigurationPlatforms) = postSolution
		{55414FA6-78EF-43F4-89C2-5F6631E02829}.Debug|Any CPU.ActiveCfg = Debug|Any CPU
		{55414FA6-78EF-43F4-89C2-5F6631E02829}.Debug|Any CPU.Build.0 = Debug|Any CPU
		{55414FA6-78EF-43F4-89C2-5F6631E02829}.Release|Any CPU.ActiveCfg = Release|Any CPU
		{55414FA6-78EF-43F4-89C2-5F6631E02829}.Release|Any CPU.Build.0 = Release|Any CPU
		{6EE9982D-73B0-4674-80D5-E3709EC08BD9}.Debug|Any CPU.ActiveCfg = Debug|Any CPU
		{6EE9982D-73B0-4674-80D5-E3709EC08BD9}.Debug|Any CPU.Build.0 = Debug|Any CPU
		{6EE9982D-73B0-4674-80D5-E3709EC08BD9}.Release|Any CPU.ActiveCfg = Release|Any CPU
		{6EE9982D-73B0-4674-80D5-E3709EC08BD9}.Release|Any CPU.Build.0 = Release|Any CPU
	EndGlobalSection
	GlobalSection(SolutionProperties) = preSolution
		HideSolutionNode = FALSE
	EndGlobalSection
EndGlobal
